{
  "nodes": {
    "home-manager": {
      "inputs": {
        "nixpkgs": [
          "nixpkgs"
        ]
      },
      "locked": {
        "lastModified": 1775425411,
        "narHash": "sha256-KY6HsebJHEe5nHOWP7ur09mb0drGxYSzE3rQxy62rJo=",
        "owner": "nix-community",
        "repo": "home-manager",
        "rev": "0d02ec1d0a05f88ef9e74b516842900c41f0f2fe",
        "type": "github"
      },
      "original": {
        "owner": "nix-community",
        "ref": "release-25.11",
        "repo": "home-manager",
        "type": "github"
      }
    },
    "nixpkgs": {
      "locked": {
        "lastModified": 1775665729,
        "narHash": "sha256-KOp4UlahlzmnqGd3HWDqBde65PQW8kuqIvYRe5IlYko=",
        "owner": "NixOS",
        "repo": "nixpkgs",
        "rev": "c622965c17f22f252d9d83c45309f9b0bfdbb9fb",
        "type": "github"
      },
      "original": {
        "owner": "NixOS",
        "ref": "release-25.11",
        "repo": "nixpkgs",
        "type": "github"
      }
    },
    "pirousync": {
      "flake": false,
      "locked": {
        "lastModified": 1774440448,
        "narHash": "sha256-RKsb06SDFC9cj2ZscbYA1IbuPju6j6DqV1DaHrJUvLE=",
        "ref": "refs/heads/main",
        "rev": "43e061ff6bcb0e2a02bf0ed22881d85808e0749d",
        "revCount": 17,
        "type": "git",
        "url": "ssh://git@github.com/ericsharma/PiroueSync"
      },
      "original": {
        "type": "git",
        "url": "ssh://git@github.com/ericsharma/PiroueSync"
      }
    },
    "root": {
      "inputs": {
        "home-manager": "home-manager",
        "nixpkgs": "nixpkgs",
        "pirousync": "pirousync",
        "sops-nix": "sops-nix"
      }
    },
    "sops-nix": {
      "inputs": {
        "nixpkgs": [
          "nixpkgs"
        ]
      },
      "locked": {
        "lastModified": 1775619836,
        "narHash": "sha256-VcC/+MMMldwQKcST2y/QTndGLusSxjeUvYwFwzZKKko=",
        "owner": "Mic92",
        "repo": "sops-nix",
        "rev": "de5f2d596eb896a5728afcd15f823f59cb9ecfdb",
        "type": "github"
      },
      "original": {
        "owner": "Mic92",
        "repo": "sops-nix",
        "type": "github"
      }
    }
  },
  "root": "root",
  "version": 7
}
