{
  "nodes": {
    "belle-watson-studios": {
      "flake": false,
      "locked": {
        "lastModified": 1777116792,
        "narHash": "sha256-ixqbpKKzdKeRMKaccw1DB2EwGzmVSpNt98+m9iafpUQ=",
        "ref": "refs/heads/main",
        "rev": "2269f12696e82657db8017717a803d8b00f219cb",
        "revCount": 11,
        "type": "git",
        "url": "ssh://git@github.com/baddiebelle/Belle-Watson-Studios"
      },
      "original": {
        "type": "git",
        "url": "ssh://git@github.com/baddiebelle/Belle-Watson-Studios"
      }
    },
    "home-manager": {
      "inputs": {
        "nixpkgs": [
          "nixpkgs"
        ]
      },
      "locked": {
        "lastModified": 1775425411,
        "narHash": "sha256-KY6HsebJHEe5nHOWP7ur09mb0drGxYSzE3rQxy62rJo=",
        "owner": "nix-community",
        "repo": "home-manager",
        "rev": "0d02ec1d0a05f88ef9e74b516842900c41f0f2fe",
        "type": "github"
      },
      "original": {
        "owner": "nix-community",
        "ref": "release-25.11",
        "repo": "home-manager",
        "type": "github"
      }
    },
    "nixpkgs": {
      "locked": {
        "lastModified": 1775525138,
        "narHash": "sha256-BQb70+B378ECLO8iQT3P/b1hCC5/CJVHZdeulY8futc=",
        "owner": "NixOS",
        "repo": "nixpkgs",
        "rev": "d96b37bbeb9840f1c0ebfe90585ef5067b69bbb3",
        "type": "github"
      },
      "original": {
        "owner": "NixOS",
        "ref": "nixos-25.11",
        "repo": "nixpkgs",
        "type": "github"
      }
    },
    "pirousync": {
      "flake": false,
      "locked": {
        "lastModified": 1774440448,
        "narHash": "sha256-RKsb06SDFC9cj2ZscbYA1IbuPju6j6DqV1DaHrJUvLE=",
        "ref": "refs/heads/main",
        "rev": "43e061ff6bcb0e2a02bf0ed22881d85808e0749d",
        "revCount": 17,
        "type": "git",
        "url": "ssh://git@github.com/ericsharma/PiroueSync"
      },
      "original": {
        "type": "git",
        "url": "ssh://git@github.com/ericsharma/PiroueSync"
      }
    },
    "root": {
      "inputs": {
        "belle-watson-studios": "belle-watson-studios",
        "home-manager": "home-manager",
        "nixpkgs": "nixpkgs",
        "pirousync": "pirousync",
        "sops-nix": "sops-nix"
      }
    },
    "sops-nix": {
      "inputs": {
        "nixpkgs": [
          "nixpkgs"
        ]
      },
      "locked": {
        "lastModified": 1775682595,
        "narHash": "sha256-0E9PohY/VuESLq0LR4doaH7hTag513sDDW5n5qmHd1Q=",
        "owner": "Mic92",
        "repo": "sops-nix",
        "rev": "d2e8438d5886e92bc5e7c40c035ab6cae0c41f76",
        "type": "github"
      },
      "original": {
        "owner": "Mic92",
        "repo": "sops-nix",
        "type": "github"
      }
    }
  },
  "root": "root",
  "version": 7
}
